
Microsoft Visual Studio Solution File, Format Version 12.00
# Visual Studio 2012
Project("{8BC9CEB8-8B4A-11D0-8D11-00A0C91BC942}") = "util", "util\util.vcxproj", "{9F475A86-B9FC-4220-AD41-31D89B5A48B3}"
EndProject
Project("{8BC9CEB8-8B4A-11D0-8D11-00A0C91BC942}") = "source", "source\source.vcxproj", "{5ED2FFF8-D83A-433A-8D80-5F223C00EA48}"
	ProjectSection(ProjectDependencies) = postProject
		{9F475A86-B9FC-4220-AD41-31D89B5A48B3} = {9F475A86-B9FC-4220-AD41-31D89B5A48B3}
	EndProjectSection
EndProject
Project("{2150E333-8FDC-42A3-9474-1A3956D46DE8}") = "Prototypes", "Prototypes", "{0028BDE8-B979-4A5B-A279-505FC08F6680}"
EndProject
Project("{2150E333-8FDC-42A3-9474-1A3956D46DE8}") = "NEdit++", "NEdit++", "{4AF741DC-3E51-4BAC-9397-B5D25A9E0F46}"
EndProject
Project("{8BC9CEB8-8B4A-11D0-8D11-00A0C91BC942}") = "MenuBar", "NEditPrototypes\MenuBar\MenuBar.vcxproj", "{0DC6E3AE-009A-4A7B-B8ED-B92437DDC0C6}"
	ProjectSection(ProjectDependencies) = postProject
		{9F475A86-B9FC-4220-AD41-31D89B5A48B3} = {9F475A86-B9FC-4220-AD41-31D89B5A48B3}
		{5ED2FFF8-D83A-433A-8D80-5F223C00EA48} = {5ED2FFF8-D83A-433A-8D80-5F223C00EA48}
	EndProjectSection
EndProject
Project("{8BC9CEB8-8B4A-11D0-8D11-00A0C91BC942}") = "Tabs", "NEditPrototypes\Tabs\Tabs.vcxproj", "{F5B07B02-1A43-4447-A479-DE8AB2A6FA11}"
	ProjectSection(ProjectDependencies) = postProject
		{9F475A86-B9FC-4220-AD41-31D89B5A48B3} = {9F475A86-B9FC-4220-AD41-31D89B5A48B3}
		{5ED2FFF8-D83A-433A-8D80-5F223C00EA48} = {5ED2FFF8-D83A-433A-8D80-5F223C00EA48}
	EndProjectSection
EndProject
Project("{8BC9CEB8-8B4A-11D0-8D11-00A0C91BC942}") = "NEdit", "NEdit\NEdit.vcxproj", "{B3E4188D-DC5B-40AE-8350-32E69A0D9EE8}"
	ProjectSection(ProjectDependencies) = postProject
		{9F475A86-B9FC-4220-AD41-31D89B5A48B3} = {9F475A86-B9FC-4220-AD41-31D89B5A48B3}
		{5ED2FFF8-D83A-433A-8D80-5F223C00EA48} = {5ED2FFF8-D83A-433A-8D80-5F223C00EA48}
	EndProjectSection
EndProject
Project("{8BC9CEB8-8B4A-11D0-8D11-00A0C91BC942}") = "NEditUnitTests", "NEditUnitTests\NEditUnitTests.vcxproj", "{52C05FE5-595A-49D2-8C09-C8A720B8ED4C}"
	ProjectSection(ProjectDependencies) = postProject
		{9F475A86-B9FC-4220-AD41-31D89B5A48B3} = {9F475A86-B9FC-4220-AD41-31D89B5A48B3}
		{5ED2FFF8-D83A-433A-8D80-5F223C00EA48} = {5ED2FFF8-D83A-433A-8D80-5F223C00EA48}
	EndProjectSection
EndProject
Project("{8BC9CEB8-8B4A-11D0-8D11-00A0C91BC942}") = "gtest", "gtest-1.6.0\gtest-1.6.0.vcxproj", "{0312D538-711B-487C-B6C1-790D47057BB3}"
EndProject
Project("{8BC9CEB8-8B4A-11D0-8D11-00A0C91BC942}") = "Font", "NEditPrototypes\Font\Font.vcxproj", "{F515F273-E748-4E5F-B8F5-C077CD5CAA94}"
	ProjectSection(ProjectDependencies) = postProject
		{9F475A86-B9FC-4220-AD41-31D89B5A48B3} = {9F475A86-B9FC-4220-AD41-31D89B5A48B3}
		{5ED2FFF8-D83A-433A-8D80-5F223C00EA48} = {5ED2FFF8-D83A-433A-8D80-5F223C00EA48}
	EndProjectSection
EndProject
Project("{8BC9CEB8-8B4A-11D0-8D11-00A0C91BC942}") = "Display", "NEditPrototypes\Display\Display.vcxproj", "{2DBA2868-6DD7-4312-BE4B-FCB2E91A38D4}"
	ProjectSection(ProjectDependencies) = postProject
		{9F475A86-B9FC-4220-AD41-31D89B5A48B3} = {9F475A86-B9FC-4220-AD41-31D89B5A48B3}
		{5ED2FFF8-D83A-433A-8D80-5F223C00EA48} = {5ED2FFF8-D83A-433A-8D80-5F223C00EA48}
	EndProjectSection
EndProject
Global
	GlobalSection(SolutionConfigurationPlatforms) = preSolution
		Debug|Win32 = Debug|Win32
		Release|Win32 = Release|Win32
	EndGlobalSection
	GlobalSection(ProjectConfigurationPlatforms) = postSolution
		{9F475A86-B9FC-4220-AD41-31D89B5A48B3}.Debug|Win32.ActiveCfg = Debug|Win32
		{9F475A86-B9FC-4220-AD41-31D89B5A48B3}.Debug|Win32.Build.0 = Debug|Win32
		{9F475A86-B9FC-4220-AD41-31D89B5A48B3}.Release|Win32.ActiveCfg = Release|Win32
		{9F475A86-B9FC-4220-AD41-31D89B5A48B3}.Release|Win32.Build.0 = Release|Win32
		{5ED2FFF8-D83A-433A-8D80-5F223C00EA48}.Debug|Win32.ActiveCfg = Debug|Win32
		{5ED2FFF8-D83A-433A-8D80-5F223C00EA48}.Debug|Win32.Build.0 = Debug|Win32
		{5ED2FFF8-D83A-433A-8D80-5F223C00EA48}.Release|Win32.ActiveCfg = Release|Win32
		{5ED2FFF8-D83A-433A-8D80-5F223C00EA48}.Release|Win32.Build.0 = Release|Win32
		{0DC6E3AE-009A-4A7B-B8ED-B92437DDC0C6}.Debug|Win32.ActiveCfg = Debug|Win32
		{0DC6E3AE-009A-4A7B-B8ED-B92437DDC0C6}.Debug|Win32.Build.0 = Debug|Win32
		{0DC6E3AE-009A-4A7B-B8ED-B92437DDC0C6}.Release|Win32.ActiveCfg = Release|Win32
		{0DC6E3AE-009A-4A7B-B8ED-B92437DDC0C6}.Release|Win32.Build.0 = Release|Win32
		{F5B07B02-1A43-4447-A479-DE8AB2A6FA11}.Debug|Win32.ActiveCfg = Debug|Win32
		{F5B07B02-1A43-4447-A479-DE8AB2A6FA11}.Debug|Win32.Build.0 = Debug|Win32
		{F5B07B02-1A43-4447-A479-DE8AB2A6FA11}.Release|Win32.ActiveCfg = Release|Win32
		{F5B07B02-1A43-4447-A479-DE8AB2A6FA11}.Release|Win32.Build.0 = Release|Win32
		{B3E4188D-DC5B-40AE-8350-32E69A0D9EE8}.Debug|Win32.ActiveCfg = Debug|Win32
		{B3E4188D-DC5B-40AE-8350-32E69A0D9EE8}.Debug|Win32.Build.0 = Debug|Win32
		{B3E4188D-DC5B-40AE-8350-32E69A0D9EE8}.Release|Win32.ActiveCfg = Release|Win32
		{B3E4188D-DC5B-40AE-8350-32E69A0D9EE8}.Release|Win32.Build.0 = Release|Win32
		{52C05FE5-595A-49D2-8C09-C8A720B8ED4C}.Debug|Win32.ActiveCfg = Debug|Win32
		{52C05FE5-595A-49D2-8C09-C8A720B8ED4C}.Debug|Win32.Build.0 = Debug|Win32
		{52C05FE5-595A-49D2-8C09-C8A720B8ED4C}.Release|Win32.ActiveCfg = Release|Win32
		{52C05FE5-595A-49D2-8C09-C8A720B8ED4C}.Release|Win32.Build.0 = Release|Win32
		{0312D538-711B-487C-B6C1-790D47057BB3}.Debug|Win32.ActiveCfg = Debug|Win32
		{0312D538-711B-487C-B6C1-790D47057BB3}.Debug|Win32.Build.0 = Debug|Win32
		{0312D538-711B-487C-B6C1-790D47057BB3}.Release|Win32.ActiveCfg = Release|Win32
		{0312D538-711B-487C-B6C1-790D47057BB3}.Release|Win32.Build.0 = Release|Win32
		{F515F273-E748-4E5F-B8F5-C077CD5CAA94}.Debug|Win32.ActiveCfg = Debug|Win32
		{F515F273-E748-4E5F-B8F5-C077CD5CAA94}.Debug|Win32.Build.0 = Debug|Win32
		{F515F273-E748-4E5F-B8F5-C077CD5CAA94}.Release|Win32.ActiveCfg = Release|Win32
		{F515F273-E748-4E5F-B8F5-C077CD5CAA94}.Release|Win32.Build.0 = Release|Win32
		{2DBA2868-6DD7-4312-BE4B-FCB2E91A38D4}.Debug|Win32.ActiveCfg = Debug|Win32
		{2DBA2868-6DD7-4312-BE4B-FCB2E91A38D4}.Debug|Win32.Build.0 = Debug|Win32
		{2DBA2868-6DD7-4312-BE4B-FCB2E91A38D4}.Release|Win32.ActiveCfg = Release|Win32
		{2DBA2868-6DD7-4312-BE4B-FCB2E91A38D4}.Release|Win32.Build.0 = Release|Win32
	EndGlobalSection
	GlobalSection(SolutionProperties) = preSolution
		HideSolutionNode = FALSE
	EndGlobalSection
	GlobalSection(NestedProjects) = preSolution
		{5ED2FFF8-D83A-433A-8D80-5F223C00EA48} = {4AF741DC-3E51-4BAC-9397-B5D25A9E0F46}
		{9F475A86-B9FC-4220-AD41-31D89B5A48B3} = {4AF741DC-3E51-4BAC-9397-B5D25A9E0F46}
		{B3E4188D-DC5B-40AE-8350-32E69A0D9EE8} = {4AF741DC-3E51-4BAC-9397-B5D25A9E0F46}
		{52C05FE5-595A-49D2-8C09-C8A720B8ED4C} = {4AF741DC-3E51-4BAC-9397-B5D25A9E0F46}
		{0DC6E3AE-009A-4A7B-B8ED-B92437DDC0C6} = {0028BDE8-B979-4A5B-A279-505FC08F6680}
		{F5B07B02-1A43-4447-A479-DE8AB2A6FA11} = {0028BDE8-B979-4A5B-A279-505FC08F6680}
		{F515F273-E748-4E5F-B8F5-C077CD5CAA94} = {0028BDE8-B979-4A5B-A279-505FC08F6680}
		{2DBA2868-6DD7-4312-BE4B-FCB2E91A38D4} = {0028BDE8-B979-4A5B-A279-505FC08F6680}
	EndGlobalSection
EndGlobal
