<?xml version="1.0" encoding="utf-8"?>
<Project ToolsVersion="4.0" xmlns="http://schemas.microsoft.com/developer/msbuild/2003">
  <ItemGroup>
    <Filter Include="Header Files">
      <UniqueIdentifier>{93995380-89BD-4b04-88EB-625FBE52EBFB}</UniqueIdentifier>
      <Extensions>h;hpp;hxx;hm;inl;inc;xsd</Extensions>
    </Filter>
  </ItemGroup>
  <ItemGroup>
    <ClCompile Include="check_lin_tif.cpp" />
    <ClCompile Include="vmsUtils.cpp" />
    <ClCompile Include="clearcase.cpp" />
    <ClCompile Include="DialogF.cpp" />
    <ClCompile Include="fileUtils.cpp" />
    <ClCompile Include="fontsel.cpp" />
    <ClCompile Include="getfiles.cpp" />
    <ClCompile Include="managedList.cpp" />
    <ClCompile Include="misc.cpp" />
    <ClCompile Include="motif.cpp" />
    <ClCompile Include="prefFile.cpp" />
    <ClCompile Include="printUtils.cpp" />
    <ClCompile Include="utils.cpp" />
  </ItemGroup>
  <ItemGroup>
    <ClInclude Include="clearcase.h">
      <Filter>Header Files</Filter>
    </ClInclude>
    <ClInclude Include="DialogF.h">
      <Filter>Header Files</Filter>
    </ClInclude>
    <ClInclude Include="fileUtils.h">
      <Filter>Header Files</Filter>
    </ClInclude>
    <ClInclude Include="fontsel.h">
      <Filter>Header Files</Filter>
    </ClInclude>
    <ClInclude Include="getfiles.h">
      <Filter>Header Files</Filter>
    </ClInclude>
    <ClInclude Include="managedList.h">
      <Filter>Header Files</Filter>
    </ClInclude>
    <ClInclude Include="misc.h">
      <Filter>Header Files</Filter>
    </ClInclude>
    <ClInclude Include="motif.h">
      <Filter>Header Files</Filter>
    </ClInclude>
    <ClInclude Include="prefFile.h">
      <Filter>Header Files</Filter>
    </ClInclude>
    <ClInclude Include="printUtils.h">
      <Filter>Header Files</Filter>
    </ClInclude>
    <ClInclude Include="system.h">
      <Filter>Header Files</Filter>
    </ClInclude>
    <ClInclude Include="utils.h">
      <Filter>Header Files</Filter>
    </ClInclude>
    <ClInclude Include="vmsParam.h">
      <Filter>Header Files</Filter>
    </ClInclude>
    <ClInclude Include="vmsUtils.h">
      <Filter>Header Files</Filter>
    </ClInclude>
  </ItemGroup>
</Project>