<?xml version="1.0" encoding="utf-8"?>
<Project ToolsVersion="4.0" xmlns="http://schemas.microsoft.com/developer/msbuild/2003">
  <ItemGroup>
    <Filter Include="Source Files">
      <UniqueIdentifier>{4FC737F1-C7A5-4376-A066-2A32D752A2FF}</UniqueIdentifier>
      <Extensions>cpp;c;cc;cxx;def;odl;idl;hpj;bat;asm;asmx</Extensions>
    </Filter>
    <Filter Include="Header Files">
      <UniqueIdentifier>{93995380-89BD-4b04-88EB-625FBE52EBFB}</UniqueIdentifier>
      <Extensions>h;hpp;hxx;hm;inl;inc;xsd</Extensions>
    </Filter>
    <Filter Include="Preferences">
      <UniqueIdentifier>{2a08da90-e773-4838-9291-73d4fba8a4aa}</UniqueIdentifier>
    </Filter>
  </ItemGroup>
  <ItemGroup>
    <ClInclude Include="calltips.h">
      <Filter>Header Files</Filter>
    </ClInclude>
    <ClInclude Include="highlight.h">
      <Filter>Header Files</Filter>
    </ClInclude>
    <ClInclude Include="highlightData.h">
      <Filter>Header Files</Filter>
    </ClInclude>
    <ClInclude Include="menu.h">
      <Filter>Header Files</Filter>
    </ClInclude>
    <ClInclude Include="preferences.h">
      <Filter>Header Files</Filter>
    </ClInclude>
    <ClInclude Include="search.h">
      <Filter>Header Files</Filter>
    </ClInclude>
    <ClInclude Include="selection.h">
      <Filter>Header Files</Filter>
    </ClInclude>
    <ClInclude Include="server.h">
      <Filter>Header Files</Filter>
    </ClInclude>
    <ClInclude Include="server_common.h">
      <Filter>Header Files</Filter>
    </ClInclude>
    <ClInclude Include="shift.h">
      <Filter>Header Files</Filter>
    </ClInclude>
    <ClInclude Include="tags.h">
      <Filter>Header Files</Filter>
    </ClInclude>
    <ClInclude Include="userCmds.h">
      <Filter>Header Files</Filter>
    </ClInclude>
    <ClInclude Include="window.h">
      <Filter>Header Files</Filter>
    </ClInclude>
    <ClInclude Include="WrapMarginDialog.h">
      <Filter>Preferences</Filter>
    </ClInclude>
    <ClInclude Include="TabsPrefDialog.h">
      <Filter>Preferences</Filter>
    </ClInclude>
    <ClInclude Include="SelectShellDialog.h">
      <Filter>Preferences</Filter>
    </ClInclude>
    <ClInclude Include="Ne_Text_Buffer.h">
      <Filter>Header Files</Filter>
    </ClInclude>
    <ClInclude Include="Ne_Text_Display.h">
      <Filter>Header Files</Filter>
    </ClInclude>
    <ClInclude Include="Ne_Text_Editor.h">
      <Filter>Header Files</Filter>
    </ClInclude>
    <ClInclude Include="Ne_Rangeset.h">
      <Filter>Header Files</Filter>
    </ClInclude>
    <ClInclude Include="Ne_Text_Drag.h">
      <Filter>Header Files</Filter>
    </ClInclude>
    <ClInclude Include="Ne_Text_Part.h">
      <Filter>Header Files</Filter>
    </ClInclude>
    <ClInclude Include="Ne_Text_Sel.h">
      <Filter>Header Files</Filter>
    </ClInclude>
    <ClInclude Include="file.h">
      <Filter>Header Files</Filter>
    </ClInclude>
    <ClInclude Include="windowTitle.h">
      <Filter>Header Files</Filter>
    </ClInclude>
    <ClInclude Include="help.h">
      <Filter>Header Files</Filter>
    </ClInclude>
    <ClInclude Include="help_data.h">
      <Filter>Header Files</Filter>
    </ClInclude>
    <ClInclude Include="help_topic.h">
      <Filter>Header Files</Filter>
    </ClInclude>
    <ClInclude Include="interpret.h">
      <Filter>Header Files</Filter>
    </ClInclude>
    <ClInclude Include="macro.h">
      <Filter>Header Files</Filter>
    </ClInclude>
    <ClInclude Include="nedit.h">
      <Filter>Header Files</Filter>
    </ClInclude>
    <ClInclude Include="parse.h">
      <Filter>Header Files</Filter>
    </ClInclude>
    <ClInclude Include="rbTree.h">
      <Filter>Header Files</Filter>
    </ClInclude>
    <ClInclude Include="regexConvert.h">
      <Filter>Header Files</Filter>
    </ClInclude>
    <ClInclude Include="regularExp.h">
      <Filter>Header Files</Filter>
    </ClInclude>
    <ClInclude Include="resource.h">
      <Filter>Header Files</Filter>
    </ClInclude>
    <ClInclude Include="shell.h">
      <Filter>Header Files</Filter>
    </ClInclude>
    <ClInclude Include="smartIndent.h">
      <Filter>Header Files</Filter>
    </ClInclude>
    <ClInclude Include="undo.h">
      <Filter>Header Files</Filter>
    </ClInclude>
  </ItemGroup>
  <ItemGroup>
    <ClCompile Include="calltips.cpp">
      <Filter>Source Files</Filter>
    </ClCompile>
    <ClCompile Include="file.cpp">
      <Filter>Source Files</Filter>
    </ClCompile>
    <ClCompile Include="help.cpp">
      <Filter>Source Files</Filter>
    </ClCompile>
    <ClCompile Include="highlight.cpp">
      <Filter>Source Files</Filter>
    </ClCompile>
    <ClCompile Include="highlightData.cpp">
      <Filter>Source Files</Filter>
    </ClCompile>
    <ClCompile Include="interpret.cpp">
      <Filter>Source Files</Filter>
    </ClCompile>
    <ClCompile Include="macro.cpp">
      <Filter>Source Files</Filter>
    </ClCompile>
    <ClCompile Include="menu.cpp">
      <Filter>Source Files</Filter>
    </ClCompile>
    <ClCompile Include="nc.cpp">
      <Filter>Source Files</Filter>
    </ClCompile>
    <ClCompile Include="nedit.cpp">
      <Filter>Source Files</Filter>
    </ClCompile>
    <ClCompile Include="preferences.cpp">
      <Filter>Source Files</Filter>
    </ClCompile>
    <ClCompile Include="search.cpp">
      <Filter>Source Files</Filter>
    </ClCompile>
    <ClCompile Include="selection.cpp">
      <Filter>Source Files</Filter>
    </ClCompile>
    <ClCompile Include="server.cpp">
      <Filter>Source Files</Filter>
    </ClCompile>
    <ClCompile Include="server_common.cpp">
      <Filter>Source Files</Filter>
    </ClCompile>
    <ClCompile Include="shell.cpp">
      <Filter>Source Files</Filter>
    </ClCompile>
    <ClCompile Include="shift.cpp">
      <Filter>Source Files</Filter>
    </ClCompile>
    <ClCompile Include="tags.cpp">
      <Filter>Source Files</Filter>
    </ClCompile>
    <ClCompile Include="text.cpp">
      <Filter>Source Files</Filter>
    </ClCompile>
    <ClCompile Include="textDisp.cpp">
      <Filter>Source Files</Filter>
    </ClCompile>
    <ClCompile Include="textDrag.cpp">
      <Filter>Source Files</Filter>
    </ClCompile>
    <ClCompile Include="textSel.cpp">
      <Filter>Source Files</Filter>
    </ClCompile>
    <ClCompile Include="userCmds.cpp">
      <Filter>Source Files</Filter>
    </ClCompile>
    <ClCompile Include="window.cpp">
      <Filter>Source Files</Filter>
    </ClCompile>
    <ClCompile Include="WrapMarginDialog.cpp">
      <Filter>Preferences</Filter>
    </ClCompile>
    <ClCompile Include="TabsPrefDialog.cpp">
      <Filter>Preferences</Filter>
    </ClCompile>
    <ClCompile Include="SelectShellDialog.cpp">
      <Filter>Preferences</Filter>
    </ClCompile>
    <ClCompile Include="Ne_Text_Buffer.cpp">
      <Filter>Source Files</Filter>
    </ClCompile>
    <ClCompile Include="Ne_Text_Display.cpp">
      <Filter>Source Files</Filter>
    </ClCompile>
    <ClCompile Include="Ne_Text_Editor.cpp">
      <Filter>Source Files</Filter>
    </ClCompile>
    <ClCompile Include="Ne_Rangeset.cpp">
      <Filter>Source Files</Filter>
    </ClCompile>
    <ClCompile Include="Ne_Text_Drag.cpp">
      <Filter>Source Files</Filter>
    </ClCompile>
    <ClCompile Include="Ne_Text_Part.cpp">
      <Filter>Source Files</Filter>
    </ClCompile>
    <ClCompile Include="Ne_Text_Sel.cpp">
      <Filter>Source Files</Filter>
    </ClCompile>
    <ClCompile Include="linkdate.cpp">
      <Filter>Source Files</Filter>
    </ClCompile>
    <ClCompile Include="windowTitle.cpp">
      <Filter>Source Files</Filter>
    </ClCompile>
    <ClCompile Include="parse.cpp">
      <Filter>Source Files</Filter>
    </ClCompile>
    <ClCompile Include="rbTree.cpp">
      <Filter>Source Files</Filter>
    </ClCompile>
    <ClCompile Include="regexConvert.cpp">
      <Filter>Source Files</Filter>
    </ClCompile>
    <ClCompile Include="regularExp.cpp">
      <Filter>Source Files</Filter>
    </ClCompile>
    <ClCompile Include="smartIndent.cpp">
      <Filter>Source Files</Filter>
    </ClCompile>
    <ClCompile Include="undo.cpp">
      <Filter>Source Files</Filter>
    </ClCompile>
  </ItemGroup>
</Project>